
Microsoft Visual Studio Solution File, Format Version 12.00
# Visual Studio Version 17
VisualStudioVersion = 17.14.36414.22
MinimumVisualStudioVersion = 10.0.40219.1
Project("{2150E333-8FDC-42A3-9474-1A3956D46DE8}") = "Tyuiu.KosyakovDS.Sprint5.Task0.V24", "Tyuiu.KosyakovDS.Sprint5.Task0.V24", "{02EA681E-C7D8-13C7-8484-4AC65E1B71E8}"
EndProject
Project("{FAE04EC0-301F-11D3-BF4B-00C04F79EFBC}") = "Tyuiu.KosyakovDS.Sprint5.Task0.V24", "Tyuiu.KosyakovDS.Sprint5.Task0.V24\Tyuiu.KosyakovDS.Sprint5.Task0.V24.csproj", "{FA4BB049-C4DA-4DD0-B066-B1D8CE4433D2}"
EndProject
Project("{FAE04EC0-301F-11D3-BF4B-00C04F79EFBC}") = "Tyuiu.KosyakovDS.Sprint5.Task0.V24.Lib", "Tyuiu.KosyakovDS.Sprint5.Task0.V24.Lib\Tyuiu.KosyakovDS.Sprint5.Task0.V24.Lib.csproj", "{A38216E6-9577-4E63-BD44-56BE01BFA0BE}"
EndProject
Project("{FAE04EC0-301F-11D3-BF4B-00C04F79EFBC}") = "Tyuiu.KosyakovDS.Sprint5.Task0.V24.Test", "Tyuiu.KosyakovDS.Sprint5.Task0.V24.Test\Tyuiu.KosyakovDS.Sprint5.Task0.V24.Test.csproj", "{711D2EFB-2891-4190-8C15-1CE597BD4C47}"
EndProject
Project("{2150E333-8FDC-42A3-9474-1A3956D46DE8}") = "Tyuiu.KosyakovDS.Sprint5.Task1.V3", "Tyuiu.KosyakovDS.Sprint5.Task1.V3", "{6FDFB3AF-36F7-443B-B32D-76515FFD9AEF}"
EndProject
Project("{FAE04EC0-301F-11D3-BF4B-00C04F79EFBC}") = "Tyuiu.KosyakovDS.Sprint5.Task1.V3", "Tyuiu.KosyakovDS.Sprint5.Task1.V3\Tyuiu.KosyakovDS.Sprint5.Task1.V3.csproj", "{5FA210BC-4F18-4194-BFD2-865B37578C8A}"
EndProject
Project("{FAE04EC0-301F-11D3-BF4B-00C04F79EFBC}") = "Tyuiu.KosyakovDS.Sprint5.Task1.V3.Lib", "Tyuiu.KosyakovDS.Sprint5.Task1.V3.Lib\Tyuiu.KosyakovDS.Sprint5.Task1.V3.Lib.csproj", "{040281E2-BF82-4CDD-AA00-0492C7E0D61D}"
EndProject
Project("{FAE04EC0-301F-11D3-BF4B-00C04F79EFBC}") = "Tyuiu.KosyakovDS.Sprint5.Task1.V3.Test", "Tyuiu.KosyakovDS.Sprint5.Task1.V3.Test\Tyuiu.KosyakovDS.Sprint5.Task1.V3.Test.csproj", "{851372FC-024F-4A8B-8904-83DACEE9F94E}"
EndProject
Project("{2150E333-8FDC-42A3-9474-1A3956D46DE8}") = "Tyuiu.KosyakovDS.Sprint5.Task2.V26", "Tyuiu.KosyakovDS.Sprint5.Task2.V26", "{8F29B463-A2BF-408F-A381-39226111FD70}"
EndProject
Project("{FAE04EC0-301F-11D3-BF4B-00C04F79EFBC}") = "Tyuiu.KosyakovDS.Sprint5.Task2.V26", "Tyuiu.KosyakovDS.Sprint5.Task2.V26\Tyuiu.KosyakovDS.Sprint5.Task2.V26.csproj", "{A8E9A83D-B6DD-4610-9FAE-58569C8DFC5E}"
EndProject
Project("{FAE04EC0-301F-11D3-BF4B-00C04F79EFBC}") = "Tyuiu.KosyakovDS.Sprint5.Task2.V26.Lib", "Tyuiu.KosyakovDS.Sprint5.Task2.V26.Lib\Tyuiu.KosyakovDS.Sprint5.Task2.V26.Lib.csproj", "{2F56182E-AC4F-43AC-9565-244E80F9EFD7}"
EndProject
Project("{FAE04EC0-301F-11D3-BF4B-00C04F79EFBC}") = "Tyuiu.KosyakovDS.Sprint5.Task2.V26.Test", "Tyuiu.KosyakovDS.Sprint5.Task2.V26.Test\Tyuiu.KosyakovDS.Sprint5.Task2.V26.Test.csproj", "{4CB7A4D1-ED5B-470E-B52B-A33A5DC0C477}"
EndProject
Project("{2150E333-8FDC-42A3-9474-1A3956D46DE8}") = "Tyuiu.KosyakovDS.Sprint5.Task3.V2", "Tyuiu.KosyakovDS.Sprint5.Task3.V2", "{1999D766-3DDF-495C-8201-D702C9B37963}"
EndProject
Project("{FAE04EC0-301F-11D3-BF4B-00C04F79EFBC}") = "Tyuiu.KosyakovDS.Sprint5.Task3.V2", "Tyuiu.KosyakovDS.Sprint5.Task3.V2\Tyuiu.KosyakovDS.Sprint5.Task3.V2.csproj", "{878B0175-913C-4D5B-8492-8B6F4D078986}"
EndProject
Project("{FAE04EC0-301F-11D3-BF4B-00C04F79EFBC}") = "Tyuiu.KosyakovDS.Sprint5.Task3.V2.Lib", "Tyuiu.KosyakovDS.Sprint5.Task3.V2.Lib\Tyuiu.KosyakovDS.Sprint5.Task3.V2.Lib.csproj", "{11832194-213A-419B-8B12-2F6CE5CF7C5F}"
EndProject
Project("{FAE04EC0-301F-11D3-BF4B-00C04F79EFBC}") = "Tyuiu.KosyakovDS.Sprint5.Task3.V2.Test", "Tyuiu.KosyakovDS.Sprint5.Task3.V2.Test\Tyuiu.KosyakovDS.Sprint5.Task3.V2.Test.csproj", "{7793DF9C-A5C1-43EF-841B-BE81A57BFB6B}"
EndProject
Project("{2150E333-8FDC-42A3-9474-1A3956D46DE8}") = "Tyuiu.KosyakovDS.Sprint5.Task4.V20", "Tyuiu.KosyakovDS.Sprint5.Task4.V20", "{198F1B8E-922B-4B7E-BF42-9C2571906159}"
EndProject
Project("{FAE04EC0-301F-11D3-BF4B-00C04F79EFBC}") = "Tyuiu.KosyakovDS.Sprint5.Task4.V20", "Tyuiu.KosyakovDS.Sprint5.Task4.V20\Tyuiu.KosyakovDS.Sprint5.Task4.V20.csproj", "{F1FB00B3-455F-469F-8457-27DD60F1E481}"
EndProject
Project("{FAE04EC0-301F-11D3-BF4B-00C04F79EFBC}") = "Tyuiu.KosyakovDS.Sprint5.Task4.V20.Lib", "Tyuiu.KosyakovDS.Sprint5.Task4.V20.Lib\Tyuiu.KosyakovDS.Sprint5.Task4.V20.Lib.csproj", "{6AC0F004-8C19-447F-A785-86E9BA2B7F96}"
EndProject
Project("{FAE04EC0-301F-11D3-BF4B-00C04F79EFBC}") = "Tyuiu.KosyakovDS.Sprint5.Task4.V20.Test", "Tyuiu.KosyakovDS.Sprint5.Task4.V20.Test\Tyuiu.KosyakovDS.Sprint5.Task4.V20.Test.csproj", "{2ED5AE53-366D-416D-80E6-61DB2F79A80F}"
EndProject
Project("{2150E333-8FDC-42A3-9474-1A3956D46DE8}") = "Tyuiu.KosyakovDS.Sprint5.Task5.V19", "Tyuiu.KosyakovDS.Sprint5.Task5.V19", "{60FB7F9C-54CF-49A1-B9CE-E37BE5718B40}"
EndProject
Project("{FAE04EC0-301F-11D3-BF4B-00C04F79EFBC}") = "Tyuiu.KosyakovDS.Sprint5.Task5.V19", "Tyuiu.KosyakovDS.Sprint5.Task5.V19\Tyuiu.KosyakovDS.Sprint5.Task5.V19.csproj", "{23871839-C793-4086-BEB7-424F67ECF6E4}"
EndProject
Project("{FAE04EC0-301F-11D3-BF4B-00C04F79EFBC}") = "Tyuiu.KosyakovDS.Sprint5.Task5.V19.Lib", "Tyuiu.KosyakovDS.Sprint5.Task5.V19.Lib\Tyuiu.KosyakovDS.Sprint5.Task5.V19.Lib.csproj", "{D6F9D8FE-C056-4814-B925-C34D65E435EA}"
EndProject
Project("{FAE04EC0-301F-11D3-BF4B-00C04F79EFBC}") = "Tyuiu.KosyakovDS.Sprint5.Task5.V19.Test", "Tyuiu.KosyakovDS.Sprint5.Task5.V19.Test\Tyuiu.KosyakovDS.Sprint5.Task5.V19.Test.csproj", "{C0774951-BFE3-43D7-AFDF-2DC2FC8EF14F}"
EndProject
Project("{2150E333-8FDC-42A3-9474-1A3956D46DE8}") = "Tyuiu.KosyakovDS.Sprint5.Task6.V27", "Tyuiu.KosyakovDS.Sprint5.Task6.V27", "{4B02AD5C-E1A1-49D4-ACD7-720DA488BDC5}"
EndProject
Project("{FAE04EC0-301F-11D3-BF4B-00C04F79EFBC}") = "Tyuiu.KosyakovDS.Sprint5.Task6.V27", "Tyuiu.KosyakovDS.Sprint5.Task6.V27\Tyuiu.KosyakovDS.Sprint5.Task6.V27.csproj", "{090554AD-E958-41DF-9DE2-FA2D7EF0EFE8}"
EndProject
Project("{FAE04EC0-301F-11D3-BF4B-00C04F79EFBC}") = "Tyuiu.KosyakovDS.Sprint5.Task6.V27.Lib", "Tyuiu.KosyakovDS.Sprint5.Task6.V27.Lib\Tyuiu.KosyakovDS.Sprint5.Task6.V27.Lib.csproj", "{1638E00F-CF4F-4973-8A31-D88720A789EB}"
EndProject
Project("{FAE04EC0-301F-11D3-BF4B-00C04F79EFBC}") = "Tyuiu.KosyakovDS.Sprint5.Task6.V27.Test", "Tyuiu.KosyakovDS.Sprint5.Task6.V27.Test\Tyuiu.KosyakovDS.Sprint5.Task6.V27.Test.csproj", "{76B3D7B5-271D-4B56-A059-459C303E02E5}"
EndProject
Global
	GlobalSection(SolutionConfigurationPlatforms) = preSolution
		Debug|Any CPU = Debug|Any CPU
		Release|Any CPU = Release|Any CPU
	EndGlobalSection
	GlobalSection(ProjectConfigurationPlatforms) = postSolution
		{FA4BB049-C4DA-4DD0-B066-B1D8CE4433D2}.Debug|Any CPU.ActiveCfg = Debug|Any CPU
		{FA4BB049-C4DA-4DD0-B066-B1D8CE4433D2}.Debug|Any CPU.Build.0 = Debug|Any CPU
		{FA4BB049-C4DA-4DD0-B066-B1D8CE4433D2}.Release|Any CPU.ActiveCfg = Release|Any CPU
		{FA4BB049-C4DA-4DD0-B066-B1D8CE4433D2}.Release|Any CPU.Build.0 = Release|Any CPU
		{A38216E6-9577-4E63-BD44-56BE01BFA0BE}.Debug|Any CPU.ActiveCfg = Debug|Any CPU
		{A38216E6-9577-4E63-BD44-56BE01BFA0BE}.Debug|Any CPU.Build.0 = Debug|Any CPU
		{A38216E6-9577-4E63-BD44-56BE01BFA0BE}.Release|Any CPU.ActiveCfg = Release|Any CPU
		{A38216E6-9577-4E63-BD44-56BE01BFA0BE}.Release|Any CPU.Build.0 = Release|Any CPU
		{711D2EFB-2891-4190-8C15-1CE597BD4C47}.Debug|Any CPU.ActiveCfg = Debug|Any CPU
		{711D2EFB-2891-4190-8C15-1CE597BD4C47}.Debug|Any CPU.Build.0 = Debug|Any CPU
		{711D2EFB-2891-4190-8C15-1CE597BD4C47}.Release|Any CPU.ActiveCfg = Release|Any CPU
		{711D2EFB-2891-4190-8C15-1CE597BD4C47}.Release|Any CPU.Build.0 = Release|Any CPU
		{5FA210BC-4F18-4194-BFD2-865B37578C8A}.Debug|Any CPU.ActiveCfg = Debug|Any CPU
		{5FA210BC-4F18-4194-BFD2-865B37578C8A}.Debug|Any CPU.Build.0 = Debug|Any CPU
		{5FA210BC-4F18-4194-BFD2-865B37578C8A}.Release|Any CPU.ActiveCfg = Release|Any CPU
		{5FA210BC-4F18-4194-BFD2-865B37578C8A}.Release|Any CPU.Build.0 = Release|Any CPU
		{040281E2-BF82-4CDD-AA00-0492C7E0D61D}.Debug|Any CPU.ActiveCfg = Debug|Any CPU
		{040281E2-BF82-4CDD-AA00-0492C7E0D61D}.Debug|Any CPU.Build.0 = Debug|Any CPU
		{040281E2-BF82-4CDD-AA00-0492C7E0D61D}.Release|Any CPU.ActiveCfg = Release|Any CPU
		{040281E2-BF82-4CDD-AA00-0492C7E0D61D}.Release|Any CPU.Build.0 = Release|Any CPU
		{851372FC-024F-4A8B-8904-83DACEE9F94E}.Debug|Any CPU.ActiveCfg = Debug|Any CPU
		{851372FC-024F-4A8B-8904-83DACEE9F94E}.Debug|Any CPU.Build.0 = Debug|Any CPU
		{851372FC-024F-4A8B-8904-83DACEE9F94E}.Release|Any CPU.ActiveCfg = Release|Any CPU
		{851372FC-024F-4A8B-8904-83DACEE9F94E}.Release|Any CPU.Build.0 = Release|Any CPU
		{A8E9A83D-B6DD-4610-9FAE-58569C8DFC5E}.Debug|Any CPU.ActiveCfg = Debug|Any CPU
		{A8E9A83D-B6DD-4610-9FAE-58569C8DFC5E}.Debug|Any CPU.Build.0 = Debug|Any CPU
		{A8E9A83D-B6DD-4610-9FAE-58569C8DFC5E}.Release|Any CPU.ActiveCfg = Release|Any CPU
		{A8E9A83D-B6DD-4610-9FAE-58569C8DFC5E}.Release|Any CPU.Build.0 = Release|Any CPU
		{2F56182E-AC4F-43AC-9565-244E80F9EFD7}.Debug|Any CPU.ActiveCfg = Debug|Any CPU
		{2F56182E-AC4F-43AC-9565-244E80F9EFD7}.Debug|Any CPU.Build.0 = Debug|Any CPU
		{2F56182E-AC4F-43AC-9565-244E80F9EFD7}.Release|Any CPU.ActiveCfg = Release|Any CPU
		{2F56182E-AC4F-43AC-9565-244E80F9EFD7}.Release|Any CPU.Build.0 = Release|Any CPU
		{4CB7A4D1-ED5B-470E-B52B-A33A5DC0C477}.Debug|Any CPU.ActiveCfg = Debug|Any CPU
		{4CB7A4D1-ED5B-470E-B52B-A33A5DC0C477}.Debug|Any CPU.Build.0 = Debug|Any CPU
		{4CB7A4D1-ED5B-470E-B52B-A33A5DC0C477}.Release|Any CPU.ActiveCfg = Release|Any CPU
		{4CB7A4D1-ED5B-470E-B52B-A33A5DC0C477}.Release|Any CPU.Build.0 = Release|Any CPU
		{878B0175-913C-4D5B-8492-8B6F4D078986}.Debug|Any CPU.ActiveCfg = Debug|Any CPU
		{878B0175-913C-4D5B-8492-8B6F4D078986}.Debug|Any CPU.Build.0 = Debug|Any CPU
		{878B0175-913C-4D5B-8492-8B6F4D078986}.Release|Any CPU.ActiveCfg = Release|Any CPU
		{878B0175-913C-4D5B-8492-8B6F4D078986}.Release|Any CPU.Build.0 = Release|Any CPU
		{11832194-213A-419B-8B12-2F6CE5CF7C5F}.Debug|Any CPU.ActiveCfg = Debug|Any CPU
		{11832194-213A-419B-8B12-2F6CE5CF7C5F}.Debug|Any CPU.Build.0 = Debug|Any CPU
		{11832194-213A-419B-8B12-2F6CE5CF7C5F}.Release|Any CPU.ActiveCfg = Release|Any CPU
		{11832194-213A-419B-8B12-2F6CE5CF7C5F}.Release|Any CPU.Build.0 = Release|Any CPU
		{7793DF9C-A5C1-43EF-841B-BE81A57BFB6B}.Debug|Any CPU.ActiveCfg = Debug|Any CPU
		{7793DF9C-A5C1-43EF-841B-BE81A57BFB6B}.Debug|Any CPU.Build.0 = Debug|Any CPU
		{7793DF9C-A5C1-43EF-841B-BE81A57BFB6B}.Release|Any CPU.ActiveCfg = Release|Any CPU
		{7793DF9C-A5C1-43EF-841B-BE81A57BFB6B}.Release|Any CPU.Build.0 = Release|Any CPU
		{F1FB00B3-455F-469F-8457-27DD60F1E481}.Debug|Any CPU.ActiveCfg = Debug|Any CPU
		{F1FB00B3-455F-469F-8457-27DD60F1E481}.Debug|Any CPU.Build.0 = Debug|Any CPU
		{F1FB00B3-455F-469F-8457-27DD60F1E481}.Release|Any CPU.ActiveCfg = Release|Any CPU
		{F1FB00B3-455F-469F-8457-27DD60F1E481}.Release|Any CPU.Build.0 = Release|Any CPU
		{6AC0F004-8C19-447F-A785-86E9BA2B7F96}.Debug|Any CPU.ActiveCfg = Debug|Any CPU
		{6AC0F004-8C19-447F-A785-86E9BA2B7F96}.Debug|Any CPU.Build.0 = Debug|Any CPU
		{6AC0F004-8C19-447F-A785-86E9BA2B7F96}.Release|Any CPU.ActiveCfg = Release|Any CPU
		{6AC0F004-8C19-447F-A785-86E9BA2B7F96}.Release|Any CPU.Build.0 = Release|Any CPU
		{2ED5AE53-366D-416D-80E6-61DB2F79A80F}.Debug|Any CPU.ActiveCfg = Debug|Any CPU
		{2ED5AE53-366D-416D-80E6-61DB2F79A80F}.Debug|Any CPU.Build.0 = Debug|Any CPU
		{2ED5AE53-366D-416D-80E6-61DB2F79A80F}.Release|Any CPU.ActiveCfg = Release|Any CPU
		{2ED5AE53-366D-416D-80E6-61DB2F79A80F}.Release|Any CPU.Build.0 = Release|Any CPU
		{23871839-C793-4086-BEB7-424F67ECF6E4}.Debug|Any CPU.ActiveCfg = Debug|Any CPU
		{23871839-C793-4086-BEB7-424F67ECF6E4}.Debug|Any CPU.Build.0 = Debug|Any CPU
		{23871839-C793-4086-BEB7-424F67ECF6E4}.Release|Any CPU.ActiveCfg = Release|Any CPU
		{23871839-C793-4086-BEB7-424F67ECF6E4}.Release|Any CPU.Build.0 = Release|Any CPU
		{D6F9D8FE-C056-4814-B925-C34D65E435EA}.Debug|Any CPU.ActiveCfg = Debug|Any CPU
		{D6F9D8FE-C056-4814-B925-C34D65E435EA}.Debug|Any CPU.Build.0 = Debug|Any CPU
		{D6F9D8FE-C056-4814-B925-C34D65E435EA}.Release|Any CPU.ActiveCfg = Release|Any CPU
		{D6F9D8FE-C056-4814-B925-C34D65E435EA}.Release|Any CPU.Build.0 = Release|Any CPU
		{C0774951-BFE3-43D7-AFDF-2DC2FC8EF14F}.Debug|Any CPU.ActiveCfg = Debug|Any CPU
		{C0774951-BFE3-43D7-AFDF-2DC2FC8EF14F}.Debug|Any CPU.Build.0 = Debug|Any CPU
		{C0774951-BFE3-43D7-AFDF-2DC2FC8EF14F}.Release|Any CPU.ActiveCfg = Release|Any CPU
		{C0774951-BFE3-43D7-AFDF-2DC2FC8EF14F}.Release|Any CPU.Build.0 = Release|Any CPU
		{090554AD-E958-41DF-9DE2-FA2D7EF0EFE8}.Debug|Any CPU.ActiveCfg = Debug|Any CPU
		{090554AD-E958-41DF-9DE2-FA2D7EF0EFE8}.Debug|Any CPU.Build.0 = Debug|Any CPU
		{090554AD-E958-41DF-9DE2-FA2D7EF0EFE8}.Release|Any CPU.ActiveCfg = Release|Any CPU
		{090554AD-E958-41DF-9DE2-FA2D7EF0EFE8}.Release|Any CPU.Build.0 = Release|Any CPU
		{1638E00F-CF4F-4973-8A31-D88720A789EB}.Debug|Any CPU.ActiveCfg = Debug|Any CPU
		{1638E00F-CF4F-4973-8A31-D88720A789EB}.Debug|Any CPU.Build.0 = Debug|Any CPU
		{1638E00F-CF4F-4973-8A31-D88720A789EB}.Release|Any CPU.ActiveCfg = Release|Any CPU
		{1638E00F-CF4F-4973-8A31-D88720A789EB}.Release|Any CPU.Build.0 = Release|Any CPU
		{76B3D7B5-271D-4B56-A059-459C303E02E5}.Debug|Any CPU.ActiveCfg = Debug|Any CPU
		{76B3D7B5-271D-4B56-A059-459C303E02E5}.Debug|Any CPU.Build.0 = Debug|Any CPU
		{76B3D7B5-271D-4B56-A059-459C303E02E5}.Release|Any CPU.ActiveCfg = Release|Any CPU
		{76B3D7B5-271D-4B56-A059-459C303E02E5}.Release|Any CPU.Build.0 = Release|Any CPU
	EndGlobalSection
	GlobalSection(SolutionProperties) = preSolution
		HideSolutionNode = FALSE
	EndGlobalSection
	GlobalSection(NestedProjects) = preSolution
		{FA4BB049-C4DA-4DD0-B066-B1D8CE4433D2} = {02EA681E-C7D8-13C7-8484-4AC65E1B71E8}
		{A38216E6-9577-4E63-BD44-56BE01BFA0BE} = {02EA681E-C7D8-13C7-8484-4AC65E1B71E8}
		{711D2EFB-2891-4190-8C15-1CE597BD4C47} = {02EA681E-C7D8-13C7-8484-4AC65E1B71E8}
		{5FA210BC-4F18-4194-BFD2-865B37578C8A} = {6FDFB3AF-36F7-443B-B32D-76515FFD9AEF}
		{040281E2-BF82-4CDD-AA00-0492C7E0D61D} = {6FDFB3AF-36F7-443B-B32D-76515FFD9AEF}
		{851372FC-024F-4A8B-8904-83DACEE9F94E} = {6FDFB3AF-36F7-443B-B32D-76515FFD9AEF}
		{A8E9A83D-B6DD-4610-9FAE-58569C8DFC5E} = {8F29B463-A2BF-408F-A381-39226111FD70}
		{2F56182E-AC4F-43AC-9565-244E80F9EFD7} = {8F29B463-A2BF-408F-A381-39226111FD70}
		{4CB7A4D1-ED5B-470E-B52B-A33A5DC0C477} = {8F29B463-A2BF-408F-A381-39226111FD70}
		{878B0175-913C-4D5B-8492-8B6F4D078986} = {1999D766-3DDF-495C-8201-D702C9B37963}
		{11832194-213A-419B-8B12-2F6CE5CF7C5F} = {1999D766-3DDF-495C-8201-D702C9B37963}
		{7793DF9C-A5C1-43EF-841B-BE81A57BFB6B} = {1999D766-3DDF-495C-8201-D702C9B37963}
		{F1FB00B3-455F-469F-8457-27DD60F1E481} = {198F1B8E-922B-4B7E-BF42-9C2571906159}
		{6AC0F004-8C19-447F-A785-86E9BA2B7F96} = {198F1B8E-922B-4B7E-BF42-9C2571906159}
		{2ED5AE53-366D-416D-80E6-61DB2F79A80F} = {198F1B8E-922B-4B7E-BF42-9C2571906159}
		{23871839-C793-4086-BEB7-424F67ECF6E4} = {60FB7F9C-54CF-49A1-B9CE-E37BE5718B40}
		{D6F9D8FE-C056-4814-B925-C34D65E435EA} = {60FB7F9C-54CF-49A1-B9CE-E37BE5718B40}
		{C0774951-BFE3-43D7-AFDF-2DC2FC8EF14F} = {60FB7F9C-54CF-49A1-B9CE-E37BE5718B40}
		{090554AD-E958-41DF-9DE2-FA2D7EF0EFE8} = {4B02AD5C-E1A1-49D4-ACD7-720DA488BDC5}
		{1638E00F-CF4F-4973-8A31-D88720A789EB} = {4B02AD5C-E1A1-49D4-ACD7-720DA488BDC5}
		{76B3D7B5-271D-4B56-A059-459C303E02E5} = {4B02AD5C-E1A1-49D4-ACD7-720DA488BDC5}
	EndGlobalSection
	GlobalSection(ExtensibilityGlobals) = postSolution
		SolutionGuid = {C202C1A0-58B5-4068-8765-71EA9F9B2FC1}
	EndGlobalSection
EndGlobal
